
Microsoft Visual Studio Solution File, Format Version 12.00
# Visual Studio Version 17
VisualStudioVersion = 17.4.33122.133
MinimumVisualStudioVersion = 10.0.40219.1
Project("{FAE04EC0-301F-11D3-BF4B-00C04F79EFBC}") = "ConsoleApp2", "ConsoleApp2\ConsoleApp2.csproj", "{65DB3B9E-377D-46B3-B3E2-96F12AA8E804}"
EndProject
Global
	GlobalSection(SolutionConfigurationPlatforms) = preSolution
		Debug|Any CPU = Debug|Any CPU
		Release|Any CPU = Release|Any CPU
	EndGlobalSection
	GlobalSection(ProjectConfigurationPlatforms) = postSolution
		{65DB3B9E-377D-46B3-B3E2-96F12AA8E804}.Debug|Any CPU.ActiveCfg = Debug|Any CPU
		{65DB3B9E-377D-46B3-B3E2-96F12AA8E804}.Debug|Any CPU.Build.0 = Debug|Any CPU
		{65DB3B9E-377D-46B3-B3E2-96F12AA8E804}.Release|Any CPU.ActiveCfg = Release|Any CPU
		{65DB3B9E-377D-46B3-B3E2-96F12AA8E804}.Release|Any CPU.Build.0 = Release|Any CPU
	EndGlobalSection
	GlobalSection(SolutionProperties) = preSolution
		HideSolutionNode = FALSE
	EndGlobalSection
	GlobalSection(ExtensibilityGlobals) = postSolution
		SolutionGuid = {B1A177D9-55AB-4054-9166-A267B6306D76}
	EndGlobalSection
EndGlobal
